
Microsoft Visual Studio Solution File, Format Version 12.00
# Visual Studio Version 17
VisualStudioVersion = 17.6.33829.357
MinimumVisualStudioVersion = 10.0.40219.1
Project("{FAE04EC0-301F-11D3-BF4B-00C04F79EFBC}") = "atv 3", "atv 3\atv 3.csproj", "{A6B45537-3784-4A35-8F5B-2DC8A53E117E}"
EndProject
Global
	GlobalSection(SolutionConfigurationPlatforms) = preSolution
		Debug|Any CPU = Debug|Any CPU
		Release|Any CPU = Release|Any CPU
	EndGlobalSection
	GlobalSection(ProjectConfigurationPlatforms) = postSolution
		{A6B45537-3784-4A35-8F5B-2DC8A53E117E}.Debug|Any CPU.ActiveCfg = Debug|Any CPU
		{A6B45537-3784-4A35-8F5B-2DC8A53E117E}.Debug|Any CPU.Build.0 = Debug|Any CPU
		{A6B45537-3784-4A35-8F5B-2DC8A53E117E}.Release|Any CPU.ActiveCfg = Release|Any CPU
		{A6B45537-3784-4A35-8F5B-2DC8A53E117E}.Release|Any CPU.Build.0 = Release|Any CPU
	EndGlobalSection
	GlobalSection(SolutionProperties) = preSolution
		HideSolutionNode = FALSE
	EndGlobalSection
	GlobalSection(ExtensibilityGlobals) = postSolution
		SolutionGuid = {0568BD3E-EFF6-45BA-B54E-089221903381}
	EndGlobalSection
EndGlobal
