
Microsoft Visual Studio Solution File, Format Version 12.00
# Visual Studio Version 17
VisualStudioVersion = 17.6.33829.357
MinimumVisualStudioVersion = 10.0.40219.1
Project("{FAE04EC0-301F-11D3-BF4B-00C04F79EFBC}") = "Atv 2", "Atv 2\Atv 2.csproj", "{B503A365-0CE7-4AAC-A3BB-5194EC6AF9D5}"
EndProject
Global
	GlobalSection(SolutionConfigurationPlatforms) = preSolution
		Debug|Any CPU = Debug|Any CPU
		Release|Any CPU = Release|Any CPU
	EndGlobalSection
	GlobalSection(ProjectConfigurationPlatforms) = postSolution
		{B503A365-0CE7-4AAC-A3BB-5194EC6AF9D5}.Debug|Any CPU.ActiveCfg = Debug|Any CPU
		{B503A365-0CE7-4AAC-A3BB-5194EC6AF9D5}.Debug|Any CPU.Build.0 = Debug|Any CPU
		{B503A365-0CE7-4AAC-A3BB-5194EC6AF9D5}.Release|Any CPU.ActiveCfg = Release|Any CPU
		{B503A365-0CE7-4AAC-A3BB-5194EC6AF9D5}.Release|Any CPU.Build.0 = Release|Any CPU
	EndGlobalSection
	GlobalSection(SolutionProperties) = preSolution
		HideSolutionNode = FALSE
	EndGlobalSection
	GlobalSection(ExtensibilityGlobals) = postSolution
		SolutionGuid = {9B7A7B67-9E4F-4FA1-B956-D217F9C4C4AA}
	EndGlobalSection
EndGlobal
